// !$*UTF8*$!
{
	archiveVersion = 1;
	classes = {
	};
	objectVersion = 46;
	objects = {

/* Begin PBXBuildFile section */
		34EB41161945B0C60062CC32 /* Quick-Prefix.pch in Headers */ = {isa = PBXBuildFile; fileRef = 34EB40EF1945B0C60062CC32 /* Quick-Prefix.pch */; };
		34EB41171945B0C60062CC32 /* Quick-Prefix.pch in Headers */ = {isa = PBXBuildFile; fileRef = 34EB40EF1945B0C60062CC32 /* Quick-Prefix.pch */; };
		34EB41181945B0C60062CC32 /* Quick.h in Headers */ = {isa = PBXBuildFile; fileRef = 34EB40F01945B0C60062CC32 /* Quick.h */; };
		34EB41191945B0C60062CC32 /* Quick.h in Headers */ = {isa = PBXBuildFile; fileRef = 34EB40F01945B0C60062CC32 /* Quick.h */; };
		34EB411A1945B0C60062CC32 /* Quick.m in Sources */ = {isa = PBXBuildFile; fileRef = 34EB40F11945B0C60062CC32 /* Quick.m */; };
		34EB411B1945B0C60062CC32 /* Quick.m in Sources */ = {isa = PBXBuildFile; fileRef = 34EB40F11945B0C60062CC32 /* Quick.m */; };
		34EB41371945B1430062CC32 /* DSL.swift in Sources */ = {isa = PBXBuildFile; fileRef = 34EB41231945B1430062CC32 /* DSL.swift */; };
		34EB41381945B1430062CC32 /* DSL.swift in Sources */ = {isa = PBXBuildFile; fileRef = 34EB41231945B1430062CC32 /* DSL.swift */; };
		34EB41391945B1430062CC32 /* Example.swift in Sources */ = {isa = PBXBuildFile; fileRef = 34EB41241945B1430062CC32 /* Example.swift */; };
		34EB413A1945B1430062CC32 /* Example.swift in Sources */ = {isa = PBXBuildFile; fileRef = 34EB41241945B1430062CC32 /* Example.swift */; };
		34EB413B1945B1430062CC32 /* ExampleGroup.swift in Sources */ = {isa = PBXBuildFile; fileRef = 34EB41251945B1430062CC32 /* ExampleGroup.swift */; };
		34EB413C1945B1430062CC32 /* ExampleGroup.swift in Sources */ = {isa = PBXBuildFile; fileRef = 34EB41251945B1430062CC32 /* ExampleGroup.swift */; };
		34EB413D1945B1430062CC32 /* NSString+QCKSelectorName.h in Headers */ = {isa = PBXBuildFile; fileRef = 34EB41261945B1430062CC32 /* NSString+QCKSelectorName.h */; };
		34EB413E1945B1430062CC32 /* NSString+QCKSelectorName.h in Headers */ = {isa = PBXBuildFile; fileRef = 34EB41261945B1430062CC32 /* NSString+QCKSelectorName.h */; };
		34EB413F1945B1430062CC32 /* NSString+QCKSelectorName.m in Sources */ = {isa = PBXBuildFile; fileRef = 34EB41271945B1430062CC32 /* NSString+QCKSelectorName.m */; };
		34EB41401945B1430062CC32 /* NSString+QCKSelectorName.m in Sources */ = {isa = PBXBuildFile; fileRef = 34EB41271945B1430062CC32 /* NSString+QCKSelectorName.m */; };
		34EB41411945B1430062CC32 /* Quick-Bridging-Header.h in Headers */ = {isa = PBXBuildFile; fileRef = 34EB41281945B1430062CC32 /* Quick-Bridging-Header.h */; };
		34EB41421945B1430062CC32 /* Quick-Bridging-Header.h in Headers */ = {isa = PBXBuildFile; fileRef = 34EB41281945B1430062CC32 /* Quick-Bridging-Header.h */; };
		34EB41431945B1430062CC32 /* QuickSpec.h in Headers */ = {isa = PBXBuildFile; fileRef = 34EB41291945B1430062CC32 /* QuickSpec.h */; };
		34EB41441945B1430062CC32 /* QuickSpec.h in Headers */ = {isa = PBXBuildFile; fileRef = 34EB41291945B1430062CC32 /* QuickSpec.h */; };
		34EB41451945B1430062CC32 /* QuickSpec.m in Sources */ = {isa = PBXBuildFile; fileRef = 34EB412A1945B1430062CC32 /* QuickSpec.m */; };
		34EB41461945B1430062CC32 /* QuickSpec.m in Sources */ = {isa = PBXBuildFile; fileRef = 34EB412A1945B1430062CC32 /* QuickSpec.m */; };
		34EB41471945B1430062CC32 /* World.swift in Sources */ = {isa = PBXBuildFile; fileRef = 34EB412B1945B1430062CC32 /* World.swift */; };
		34EB41481945B1430062CC32 /* World.swift in Sources */ = {isa = PBXBuildFile; fileRef = 34EB412B1945B1430062CC32 /* World.swift */; };
		34EB41491945B1430062CC32 /* Actual.swift in Sources */ = {isa = PBXBuildFile; fileRef = 34EB412D1945B1430062CC32 /* Actual.swift */; };
		34EB414A1945B1430062CC32 /* Actual.swift in Sources */ = {isa = PBXBuildFile; fileRef = 34EB412D1945B1430062CC32 /* Actual.swift */; };
		34EB414B1945B1430062CC32 /* AsynchronousExpectation.swift in Sources */ = {isa = PBXBuildFile; fileRef = 34EB412E1945B1430062CC32 /* AsynchronousExpectation.swift */; };
		34EB414C1945B1430062CC32 /* AsynchronousExpectation.swift in Sources */ = {isa = PBXBuildFile; fileRef = 34EB412E1945B1430062CC32 /* AsynchronousExpectation.swift */; };
		34EB414D1945B1430062CC32 /* Callsite.swift in Sources */ = {isa = PBXBuildFile; fileRef = 34EB412F1945B1430062CC32 /* Callsite.swift */; };
		34EB414E1945B1430062CC32 /* Callsite.swift in Sources */ = {isa = PBXBuildFile; fileRef = 34EB412F1945B1430062CC32 /* Callsite.swift */; };
		34EB414F1945B1430062CC32 /* DSL.swift in Sources */ = {isa = PBXBuildFile; fileRef = 34EB41301945B1430062CC32 /* DSL.swift */; };
		34EB41501945B1430062CC32 /* DSL.swift in Sources */ = {isa = PBXBuildFile; fileRef = 34EB41301945B1430062CC32 /* DSL.swift */; };
		34EB41511945B1430062CC32 /* Expectation.swift in Sources */ = {isa = PBXBuildFile; fileRef = 34EB41311945B1430062CC32 /* Expectation.swift */; };
		34EB41521945B1430062CC32 /* Expectation.swift in Sources */ = {isa = PBXBuildFile; fileRef = 34EB41311945B1430062CC32 /* Expectation.swift */; };
		34EB41531945B1430062CC32 /* Matcher.swift in Sources */ = {isa = PBXBuildFile; fileRef = 34EB41321945B1430062CC32 /* Matcher.swift */; };
		34EB41541945B1430062CC32 /* Matcher.swift in Sources */ = {isa = PBXBuildFile; fileRef = 34EB41321945B1430062CC32 /* Matcher.swift */; };
		34EB41551945B1430062CC32 /* BeTrue.swift in Sources */ = {isa = PBXBuildFile; fileRef = 34EB41341945B1430062CC32 /* BeTrue.swift */; };
		34EB41561945B1430062CC32 /* BeTrue.swift in Sources */ = {isa = PBXBuildFile; fileRef = 34EB41341945B1430062CC32 /* BeTrue.swift */; };
		34EB41571945B1430062CC32 /* Contain.swift in Sources */ = {isa = PBXBuildFile; fileRef = 34EB41351945B1430062CC32 /* Contain.swift */; };
		34EB41581945B1430062CC32 /* Contain.swift in Sources */ = {isa = PBXBuildFile; fileRef = 34EB41351945B1430062CC32 /* Contain.swift */; };
		34EB41591945B1430062CC32 /* Equal.swift in Sources */ = {isa = PBXBuildFile; fileRef = 34EB41361945B1430062CC32 /* Equal.swift */; };
		34EB415A1945B1430062CC32 /* Equal.swift in Sources */ = {isa = PBXBuildFile; fileRef = 34EB41361945B1430062CC32 /* Equal.swift */; };
		34EB41671945B9660062CC32 /* ExampleGroupTests.swift in Sources */ = {isa = PBXBuildFile; fileRef = 34EB415F1945B9660062CC32 /* ExampleGroupTests.swift */; };
		34EB41681945B9660062CC32 /* ExampleGroupTests.swift in Sources */ = {isa = PBXBuildFile; fileRef = 34EB415F1945B9660062CC32 /* ExampleGroupTests.swift */; };
		34EB41691945B9660062CC32 /* Person.swift in Sources */ = {isa = PBXBuildFile; fileRef = 34EB41611945B9660062CC32 /* Person.swift */; };
		34EB416A1945B9660062CC32 /* Person.swift in Sources */ = {isa = PBXBuildFile; fileRef = 34EB41611945B9660062CC32 /* Person.swift */; };
		34EB416B1945B9660062CC32 /* Poet.swift in Sources */ = {isa = PBXBuildFile; fileRef = 34EB41621945B9660062CC32 /* Poet.swift */; };
		34EB416C1945B9660062CC32 /* Poet.swift in Sources */ = {isa = PBXBuildFile; fileRef = 34EB41621945B9660062CC32 /* Poet.swift */; };
		34EB416D1945B9660062CC32 /* FunctionalTests.swift in Sources */ = {isa = PBXBuildFile; fileRef = 34EB41631945B9660062CC32 /* FunctionalTests.swift */; };
		34EB416E1945B9660062CC32 /* FunctionalTests.swift in Sources */ = {isa = PBXBuildFile; fileRef = 34EB41631945B9660062CC32 /* FunctionalTests.swift */; };
		34EB41711945B9660062CC32 /* ContainSpec.swift in Sources */ = {isa = PBXBuildFile; fileRef = 34EB41661945B9660062CC32 /* ContainSpec.swift */; };
		34EB41721945B9660062CC32 /* ContainSpec.swift in Sources */ = {isa = PBXBuildFile; fileRef = 34EB41661945B9660062CC32 /* ContainSpec.swift */; };
		E93B45CC18205C07009F43A2 /* XCTest.framework in Frameworks */ = {isa = PBXBuildFile; fileRef = E9901C0E18205A3500844A05 /* XCTest.framework */; };
		E93B45CD18205C10009F43A2 /* XCTest.framework in Frameworks */ = {isa = PBXBuildFile; fileRef = E9901C0E18205A3500844A05 /* XCTest.framework */; };
		E93B45D118205C2B009F43A2 /* Foundation.framework in Frameworks */ = {isa = PBXBuildFile; fileRef = E93B45D018205C2B009F43A2 /* Foundation.framework */; };
		E9901C0118205A3500844A05 /* Foundation.framework in Frameworks */ = {isa = PBXBuildFile; fileRef = E9901C0018205A3500844A05 /* Foundation.framework */; };
		E9901C0F18205A3500844A05 /* XCTest.framework in Frameworks */ = {isa = PBXBuildFile; fileRef = E9901C0E18205A3500844A05 /* XCTest.framework */; };
		E9901C1518205A3500844A05 /* libQuick-iOS.a in Frameworks */ = {isa = PBXBuildFile; fileRef = E9901BFD18205A3500844A05 /* libQuick-iOS.a */; };
		E9901C3C18205AB100844A05 /* XCTest.framework in Frameworks */ = {isa = PBXBuildFile; fileRef = E9901C0E18205A3500844A05 /* XCTest.framework */; };
		E9901C4018205AB100844A05 /* libQuick-OSX.a in Frameworks */ = {isa = PBXBuildFile; fileRef = E9901C2A18205AB100844A05 /* libQuick-OSX.a */; };
/* End PBXBuildFile section */

/* Begin PBXContainerItemProxy section */
		E9901C1318205A3500844A05 /* PBXContainerItemProxy */ = {
			isa = PBXContainerItemProxy;
			containerPortal = E9901BF518205A3500844A05 /* Project object */;
			proxyType = 1;
			remoteGlobalIDString = E9901BFC18205A3500844A05;
			remoteInfo = Quick;
		};
		E9901C3E18205AB100844A05 /* PBXContainerItemProxy */ = {
			isa = PBXContainerItemProxy;
			containerPortal = E9901BF518205A3500844A05 /* Project object */;
			proxyType = 1;
			remoteGlobalIDString = E9901C2918205AB100844A05;
			remoteInfo = "Quick-OSX";
		};
/* End PBXContainerItemProxy section */

/* Begin PBXFileReference section */
		34EB40EF1945B0C60062CC32 /* Quick-Prefix.pch */ = {isa = PBXFileReference; fileEncoding = 4; lastKnownFileType = sourcecode.c.h; path = "Quick-Prefix.pch"; sourceTree = "<group>"; };
		34EB40F01945B0C60062CC32 /* Quick.h */ = {isa = PBXFileReference; fileEncoding = 4; lastKnownFileType = sourcecode.c.h; path = Quick.h; sourceTree = "<group>"; };
		34EB40F11945B0C60062CC32 /* Quick.m */ = {isa = PBXFileReference; fileEncoding = 4; lastKnownFileType = sourcecode.c.objc; path = Quick.m; sourceTree = "<group>"; };
		34EB41231945B1430062CC32 /* DSL.swift */ = {isa = PBXFileReference; fileEncoding = 4; lastKnownFileType = sourcecode.swift; path = DSL.swift; sourceTree = "<group>"; };
		34EB41241945B1430062CC32 /* Example.swift */ = {isa = PBXFileReference; fileEncoding = 4; lastKnownFileType = sourcecode.swift; path = Example.swift; sourceTree = "<group>"; };
		34EB41251945B1430062CC32 /* ExampleGroup.swift */ = {isa = PBXFileReference; fileEncoding = 4; lastKnownFileType = sourcecode.swift; path = ExampleGroup.swift; sourceTree = "<group>"; };
		34EB41261945B1430062CC32 /* NSString+QCKSelectorName.h */ = {isa = PBXFileReference; fileEncoding = 4; lastKnownFileType = sourcecode.c.h; path = "NSString+QCKSelectorName.h"; sourceTree = "<group>"; };
		34EB41271945B1430062CC32 /* NSString+QCKSelectorName.m */ = {isa = PBXFileReference; fileEncoding = 4; lastKnownFileType = sourcecode.c.objc; path = "NSString+QCKSelectorName.m"; sourceTree = "<group>"; };
		34EB41281945B1430062CC32 /* Quick-Bridging-Header.h */ = {isa = PBXFileReference; fileEncoding = 4; lastKnownFileType = sourcecode.c.h; path = "Quick-Bridging-Header.h"; sourceTree = "<group>"; };
		34EB41291945B1430062CC32 /* QuickSpec.h */ = {isa = PBXFileReference; fileEncoding = 4; lastKnownFileType = sourcecode.c.h; path = QuickSpec.h; sourceTree = "<group>"; };
		34EB412A1945B1430062CC32 /* QuickSpec.m */ = {isa = PBXFileReference; fileEncoding = 4; lastKnownFileType = sourcecode.c.objc; path = QuickSpec.m; sourceTree = "<group>"; };
		34EB412B1945B1430062CC32 /* World.swift */ = {isa = PBXFileReference; fileEncoding = 4; lastKnownFileType = sourcecode.swift; path = World.swift; sourceTree = "<group>"; };
		34EB412D1945B1430062CC32 /* Actual.swift */ = {isa = PBXFileReference; fileEncoding = 4; lastKnownFileType = sourcecode.swift; path = Actual.swift; sourceTree = "<group>"; };
		34EB412E1945B1430062CC32 /* AsynchronousExpectation.swift */ = {isa = PBXFileReference; fileEncoding = 4; lastKnownFileType = sourcecode.swift; path = AsynchronousExpectation.swift; sourceTree = "<group>"; };
		34EB412F1945B1430062CC32 /* Callsite.swift */ = {isa = PBXFileReference; fileEncoding = 4; lastKnownFileType = sourcecode.swift; path = Callsite.swift; sourceTree = "<group>"; };
		34EB41301945B1430062CC32 /* DSL.swift */ = {isa = PBXFileReference; fileEncoding = 4; lastKnownFileType = sourcecode.swift; path = DSL.swift; sourceTree = "<group>"; };
		34EB41311945B1430062CC32 /* Expectation.swift */ = {isa = PBXFileReference; fileEncoding = 4; lastKnownFileType = sourcecode.swift; path = Expectation.swift; sourceTree = "<group>"; };
		34EB41321945B1430062CC32 /* Matcher.swift */ = {isa = PBXFileReference; fileEncoding = 4; lastKnownFileType = sourcecode.swift; path = Matcher.swift; sourceTree = "<group>"; };
		34EB41341945B1430062CC32 /* BeTrue.swift */ = {isa = PBXFileReference; fileEncoding = 4; lastKnownFileType = sourcecode.swift; path = BeTrue.swift; sourceTree = "<group>"; };
		34EB41351945B1430062CC32 /* Contain.swift */ = {isa = PBXFileReference; fileEncoding = 4; lastKnownFileType = sourcecode.swift; path = Contain.swift; sourceTree = "<group>"; };
		34EB41361945B1430062CC32 /* Equal.swift */ = {isa = PBXFileReference; fileEncoding = 4; lastKnownFileType = sourcecode.swift; path = Equal.swift; sourceTree = "<group>"; };
		34EB415F1945B9660062CC32 /* ExampleGroupTests.swift */ = {isa = PBXFileReference; fileEncoding = 4; lastKnownFileType = sourcecode.swift; path = ExampleGroupTests.swift; sourceTree = "<group>"; };
		34EB41611945B9660062CC32 /* Person.swift */ = {isa = PBXFileReference; fileEncoding = 4; lastKnownFileType = sourcecode.swift; path = Person.swift; sourceTree = "<group>"; };
		34EB41621945B9660062CC32 /* Poet.swift */ = {isa = PBXFileReference; fileEncoding = 4; lastKnownFileType = sourcecode.swift; path = Poet.swift; sourceTree = "<group>"; };
		34EB41631945B9660062CC32 /* FunctionalTests.swift */ = {isa = PBXFileReference; fileEncoding = 4; lastKnownFileType = sourcecode.swift; path = FunctionalTests.swift; sourceTree = "<group>"; };
		34EB41641945B9660062CC32 /* Info.plist */ = {isa = PBXFileReference; fileEncoding = 4; lastKnownFileType = text.plist.xml; path = Info.plist; sourceTree = "<group>"; };
		34EB41661945B9660062CC32 /* ContainSpec.swift */ = {isa = PBXFileReference; fileEncoding = 4; lastKnownFileType = sourcecode.swift; path = ContainSpec.swift; sourceTree = "<group>"; };
		E93B45D018205C2B009F43A2 /* Foundation.framework */ = {isa = PBXFileReference; lastKnownFileType = wrapper.framework; name = Foundation.framework; path = Platforms/MacOSX.platform/Developer/SDKs/MacOSX10.9.sdk/System/Library/Frameworks/Foundation.framework; sourceTree = DEVELOPER_DIR; };
		E9901BFD18205A3500844A05 /* libQuick-iOS.a */ = {isa = PBXFileReference; explicitFileType = archive.ar; includeInIndex = 0; path = "libQuick-iOS.a"; sourceTree = BUILT_PRODUCTS_DIR; };
		E9901C0018205A3500844A05 /* Foundation.framework */ = {isa = PBXFileReference; lastKnownFileType = wrapper.framework; name = Foundation.framework; path = System/Library/Frameworks/Foundation.framework; sourceTree = SDKROOT; };
		E9901C0D18205A3500844A05 /* QuickTests-iOS.xctest */ = {isa = PBXFileReference; explicitFileType = wrapper.cfbundle; includeInIndex = 0; path = "QuickTests-iOS.xctest"; sourceTree = BUILT_PRODUCTS_DIR; };
		E9901C0E18205A3500844A05 /* XCTest.framework */ = {isa = PBXFileReference; lastKnownFileType = wrapper.framework; name = XCTest.framework; path = Library/Frameworks/XCTest.framework; sourceTree = DEVELOPER_DIR; };
		E9901C2A18205AB100844A05 /* libQuick-OSX.a */ = {isa = PBXFileReference; explicitFileType = archive.ar; includeInIndex = 0; path = "libQuick-OSX.a"; sourceTree = BUILT_PRODUCTS_DIR; };
		E9901C3B18205AB100844A05 /* Quick-OSXTests.xctest */ = {isa = PBXFileReference; explicitFileType = wrapper.cfbundle; includeInIndex = 0; path = "Quick-OSXTests.xctest"; sourceTree = BUILT_PRODUCTS_DIR; };
/* End PBXFileReference section */

/* Begin PBXFrameworksBuildPhase section */
		E9901BFA18205A3500844A05 /* Frameworks */ = {
			isa = PBXFrameworksBuildPhase;
			buildActionMask = 2147483647;
			files = (
				E93B45CC18205C07009F43A2 /* XCTest.framework in Frameworks */,
				E9901C0118205A3500844A05 /* Foundation.framework in Frameworks */,
			);
			runOnlyForDeploymentPostprocessing = 0;
		};
		E9901C0A18205A3500844A05 /* Frameworks */ = {
			isa = PBXFrameworksBuildPhase;
			buildActionMask = 2147483647;
			files = (
				E9901C0F18205A3500844A05 /* XCTest.framework in Frameworks */,
				E9901C1518205A3500844A05 /* libQuick-iOS.a in Frameworks */,
			);
			runOnlyForDeploymentPostprocessing = 0;
		};
		E9901C2718205AB100844A05 /* Frameworks */ = {
			isa = PBXFrameworksBuildPhase;
			buildActionMask = 2147483647;
			files = (
				E93B45CD18205C10009F43A2 /* XCTest.framework in Frameworks */,
				E93B45D118205C2B009F43A2 /* Foundation.framework in Frameworks */,
			);
			runOnlyForDeploymentPostprocessing = 0;
		};
		E9901C3818205AB100844A05 /* Frameworks */ = {
			isa = PBXFrameworksBuildPhase;
			buildActionMask = 2147483647;
			files = (
				E9901C3C18205AB100844A05 /* XCTest.framework in Frameworks */,
				E9901C4018205AB100844A05 /* libQuick-OSX.a in Frameworks */,
			);
			runOnlyForDeploymentPostprocessing = 0;
		};
/* End PBXFrameworksBuildPhase section */

/* Begin PBXGroup section */
		34EB40D91945B0C60062CC32 /* Quick */ = {
			isa = PBXGroup;
			children = (
				34EB40EF1945B0C60062CC32 /* Quick-Prefix.pch */,
				34EB40F01945B0C60062CC32 /* Quick.h */,
				34EB40F11945B0C60062CC32 /* Quick.m */,
				34EB41221945B1430062CC32 /* Core */,
				34EB412C1945B1430062CC32 /* Expectations */,
			);
			path = Quick;
			sourceTree = "<group>";
		};
		34EB41221945B1430062CC32 /* Core */ = {
			isa = PBXGroup;
			children = (
				34EB41231945B1430062CC32 /* DSL.swift */,
				34EB41241945B1430062CC32 /* Example.swift */,
				34EB41251945B1430062CC32 /* ExampleGroup.swift */,
				34EB41261945B1430062CC32 /* NSString+QCKSelectorName.h */,
				34EB41271945B1430062CC32 /* NSString+QCKSelectorName.m */,
				34EB41281945B1430062CC32 /* Quick-Bridging-Header.h */,
				34EB41291945B1430062CC32 /* QuickSpec.h */,
				34EB412A1945B1430062CC32 /* QuickSpec.m */,
				34EB412B1945B1430062CC32 /* World.swift */,
			);
			path = Core;
			sourceTree = "<group>";
		};
		34EB412C1945B1430062CC32 /* Expectations */ = {
			isa = PBXGroup;
			children = (
				34EB412D1945B1430062CC32 /* Actual.swift */,
				34EB412E1945B1430062CC32 /* AsynchronousExpectation.swift */,
				34EB412F1945B1430062CC32 /* Callsite.swift */,
				34EB41301945B1430062CC32 /* DSL.swift */,
				34EB41311945B1430062CC32 /* Expectation.swift */,
				34EB41321945B1430062CC32 /* Matcher.swift */,
				34EB41331945B1430062CC32 /* Matchers */,
			);
			path = Expectations;
			sourceTree = "<group>";
		};
		34EB41331945B1430062CC32 /* Matchers */ = {
			isa = PBXGroup;
			children = (
				34EB41341945B1430062CC32 /* BeTrue.swift */,
				34EB41351945B1430062CC32 /* Contain.swift */,
				34EB41361945B1430062CC32 /* Equal.swift */,
			);
			path = Matchers;
			sourceTree = "<group>";
		};
		34EB415E1945B9660062CC32 /* QuickTests */ = {
			isa = PBXGroup;
			children = (
				34EB415F1945B9660062CC32 /* ExampleGroupTests.swift */,
				34EB41631945B9660062CC32 /* FunctionalTests.swift */,
				34EB41651945B9660062CC32 /* Matchers */,
				34EB41601945B9660062CC32 /* Fixtures */,
				34EB41641945B9660062CC32 /* Info.plist */,
			);
			path = QuickTests;
			sourceTree = "<group>";
		};
		34EB41601945B9660062CC32 /* Fixtures */ = {
			isa = PBXGroup;
			children = (
				34EB41611945B9660062CC32 /* Person.swift */,
				34EB41621945B9660062CC32 /* Poet.swift */,
			);
			path = Fixtures;
			sourceTree = "<group>";
		};
		34EB41651945B9660062CC32 /* Matchers */ = {
			isa = PBXGroup;
			children = (
				34EB41661945B9660062CC32 /* ContainSpec.swift */,
			);
			path = Matchers;
			sourceTree = "<group>";
		};
		E93B45CE18205C14009F43A2 /* iOS */ = {
			isa = PBXGroup;
			children = (
				E9901C0018205A3500844A05 /* Foundation.framework */,
			);
			name = iOS;
			sourceTree = "<group>";
		};
		E93B45CF18205C18009F43A2 /* OSX */ = {
			isa = PBXGroup;
			children = (
				E93B45D018205C2B009F43A2 /* Foundation.framework */,
			);
			name = OSX;
			sourceTree = "<group>";
		};
		E9901BF418205A3500844A05 = {
			isa = PBXGroup;
			children = (
				34EB40D91945B0C60062CC32 /* Quick */,
				34EB415E1945B9660062CC32 /* QuickTests */,
				E9901BFF18205A3500844A05 /* Frameworks */,
				E9901BFE18205A3500844A05 /* Products */,
			);
			sourceTree = "<group>";
		};
		E9901BFE18205A3500844A05 /* Products */ = {
			isa = PBXGroup;
			children = (
				E9901BFD18205A3500844A05 /* libQuick-iOS.a */,
				E9901C0D18205A3500844A05 /* QuickTests-iOS.xctest */,
				E9901C2A18205AB100844A05 /* libQuick-OSX.a */,
				E9901C3B18205AB100844A05 /* Quick-OSXTests.xctest */,
			);
			name = Products;
			sourceTree = "<group>";
		};
		E9901BFF18205A3500844A05 /* Frameworks */ = {
			isa = PBXGroup;
			children = (
				E93B45CE18205C14009F43A2 /* iOS */,
				E93B45CF18205C18009F43A2 /* OSX */,
				E9901C0E18205A3500844A05 /* XCTest.framework */,
			);
			name = Frameworks;
			sourceTree = "<group>";
		};
/* End PBXGroup section */

/* Begin PBXHeadersBuildPhase section */
		E93B45B518205BB1009F43A2 /* Headers */ = {
			isa = PBXHeadersBuildPhase;
			buildActionMask = 2147483647;
			files = (
				34EB41181945B0C60062CC32 /* Quick.h in Headers */,
				34EB41161945B0C60062CC32 /* Quick-Prefix.pch in Headers */,
				34EB413D1945B1430062CC32 /* NSString+QCKSelectorName.h in Headers */,
				34EB41431945B1430062CC32 /* QuickSpec.h in Headers */,
				34EB41411945B1430062CC32 /* Quick-Bridging-Header.h in Headers */,
			);
			runOnlyForDeploymentPostprocessing = 0;
		};
		E9901C2818205AB100844A05 /* Headers */ = {
			isa = PBXHeadersBuildPhase;
			buildActionMask = 2147483647;
			files = (
				34EB41191945B0C60062CC32 /* Quick.h in Headers */,
				34EB41171945B0C60062CC32 /* Quick-Prefix.pch in Headers */,
				34EB413E1945B1430062CC32 /* NSString+QCKSelectorName.h in Headers */,
				34EB41441945B1430062CC32 /* QuickSpec.h in Headers */,
				34EB41421945B1430062CC32 /* Quick-Bridging-Header.h in Headers */,
			);
			runOnlyForDeploymentPostprocessing = 0;
		};
/* End PBXHeadersBuildPhase section */

/* Begin PBXNativeTarget section */
		E9901BFC18205A3500844A05 /* Quick-iOS */ = {
			isa = PBXNativeTarget;
			buildConfigurationList = E9901C2018205A3500844A05 /* Build configuration list for PBXNativeTarget "Quick-iOS" */;
			buildPhases = (
				E9901BF918205A3500844A05 /* Sources */,
				E9901BFA18205A3500844A05 /* Frameworks */,
				E93B45B518205BB1009F43A2 /* Headers */,
			);
			buildRules = (
			);
			dependencies = (
			);
			name = "Quick-iOS";
			productName = Quick;
			productReference = E9901BFD18205A3500844A05 /* libQuick-iOS.a */;
			productType = "com.apple.product-type.library.static";
		};
		E9901C0C18205A3500844A05 /* QuickTests-iOS */ = {
			isa = PBXNativeTarget;
			buildConfigurationList = E9901C2318205A3500844A05 /* Build configuration list for PBXNativeTarget "QuickTests-iOS" */;
			buildPhases = (
				E9901C0918205A3500844A05 /* Sources */,
				E9901C0A18205A3500844A05 /* Frameworks */,
				E9901C0B18205A3500844A05 /* Resources */,
			);
			buildRules = (
			);
			dependencies = (
				E9901C1418205A3500844A05 /* PBXTargetDependency */,
			);
			name = "QuickTests-iOS";
			productName = QuickTests;
			productReference = E9901C0D18205A3500844A05 /* QuickTests-iOS.xctest */;
			productType = "com.apple.product-type.bundle.unit-test";
		};
		E9901C2918205AB100844A05 /* Quick-OSX */ = {
			isa = PBXNativeTarget;
			buildConfigurationList = E9901C4918205AB100844A05 /* Build configuration list for PBXNativeTarget "Quick-OSX" */;
			buildPhases = (
				E9901C2618205AB100844A05 /* Sources */,
				E9901C2718205AB100844A05 /* Frameworks */,
				E9901C2818205AB100844A05 /* Headers */,
			);
			buildRules = (
			);
			dependencies = (
			);
			name = "Quick-OSX";
			productName = "Quick-OSX";
			productReference = E9901C2A18205AB100844A05 /* libQuick-OSX.a */;
			productType = "com.apple.product-type.library.static";
		};
		E9901C3A18205AB100844A05 /* Quick-OSXTests */ = {
			isa = PBXNativeTarget;
			buildConfigurationList = E9901C4C18205AB100844A05 /* Build configuration list for PBXNativeTarget "Quick-OSXTests" */;
			buildPhases = (
				E9901C3718205AB100844A05 /* Sources */,
				E9901C3818205AB100844A05 /* Frameworks */,
				E9901C3918205AB100844A05 /* Resources */,
			);
			buildRules = (
			);
			dependencies = (
				E9901C3F18205AB100844A05 /* PBXTargetDependency */,
			);
			name = "Quick-OSXTests";
			productName = "Quick-OSXTests";
			productReference = E9901C3B18205AB100844A05 /* Quick-OSXTests.xctest */;
			productType = "com.apple.product-type.bundle.unit-test";
		};
/* End PBXNativeTarget section */

/* Begin PBXProject section */
		E9901BF518205A3500844A05 /* Project object */ = {
			isa = PBXProject;
			attributes = {
				LastUpgradeCheck = 0600;
			};
			buildConfigurationList = E9901BF818205A3500844A05 /* Build configuration list for PBXProject "Quick" */;
			compatibilityVersion = "Xcode 3.2";
			developmentRegion = English;
			hasScannedForEncodings = 0;
			knownRegions = (
				en,
			);
			mainGroup = E9901BF418205A3500844A05;
			productRefGroup = E9901BFE18205A3500844A05 /* Products */;
			projectDirPath = "";
			projectRoot = "";
			targets = (
				E9901BFC18205A3500844A05 /* Quick-iOS */,
				E9901C2918205AB100844A05 /* Quick-OSX */,
				E9901C0C18205A3500844A05 /* QuickTests-iOS */,
				E9901C3A18205AB100844A05 /* Quick-OSXTests */,
			);
		};
/* End PBXProject section */

/* Begin PBXResourcesBuildPhase section */
		E9901C0B18205A3500844A05 /* Resources */ = {
			isa = PBXResourcesBuildPhase;
			buildActionMask = 2147483647;
			files = (
			);
			runOnlyForDeploymentPostprocessing = 0;
		};
		E9901C3918205AB100844A05 /* Resources */ = {
			isa = PBXResourcesBuildPhase;
			buildActionMask = 2147483647;
			files = (
			);
			runOnlyForDeploymentPostprocessing = 0;
		};
/* End PBXResourcesBuildPhase section */

/* Begin PBXSourcesBuildPhase section */
		E9901BF918205A3500844A05 /* Sources */ = {
			isa = PBXSourcesBuildPhase;
			buildActionMask = 2147483647;
			files = (
				34EB413B1945B1430062CC32 /* ExampleGroup.swift in Sources */,
				34EB41491945B1430062CC32 /* Actual.swift in Sources */,
				34EB414B1945B1430062CC32 /* AsynchronousExpectation.swift in Sources */,
				34EB414F1945B1430062CC32 /* DSL.swift in Sources */,
				34EB41571945B1430062CC32 /* Contain.swift in Sources */,
				34EB41531945B1430062CC32 /* Matcher.swift in Sources */,
				34EB41451945B1430062CC32 /* QuickSpec.m in Sources */,
				34EB41391945B1430062CC32 /* Example.swift in Sources */,
				34EB41551945B1430062CC32 /* BeTrue.swift in Sources */,
				34EB41371945B1430062CC32 /* DSL.swift in Sources */,
				34EB413F1945B1430062CC32 /* NSString+QCKSelectorName.m in Sources */,
				34EB41511945B1430062CC32 /* Expectation.swift in Sources */,
				34EB41591945B1430062CC32 /* Equal.swift in Sources */,
				34EB411A1945B0C60062CC32 /* Quick.m in Sources */,
				34EB414D1945B1430062CC32 /* Callsite.swift in Sources */,
				34EB41471945B1430062CC32 /* World.swift in Sources */,
			);
			runOnlyForDeploymentPostprocessing = 0;
		};
		E9901C0918205A3500844A05 /* Sources */ = {
			isa = PBXSourcesBuildPhase;
			buildActionMask = 2147483647;
			files = (
				34EB41691945B9660062CC32 /* Person.swift in Sources */,
				34EB416B1945B9660062CC32 /* Poet.swift in Sources */,
				34EB416D1945B9660062CC32 /* FunctionalTests.swift in Sources */,
				34EB41711945B9660062CC32 /* ContainSpec.swift in Sources */,
				34EB41671945B9660062CC32 /* ExampleGroupTests.swift in Sources */,
			);
			runOnlyForDeploymentPostprocessing = 0;
		};
		E9901C2618205AB100844A05 /* Sources */ = {
			isa = PBXSourcesBuildPhase;
			buildActionMask = 2147483647;
			files = (
				34EB413C1945B1430062CC32 /* ExampleGroup.swift in Sources */,
				34EB414A1945B1430062CC32 /* Actual.swift in Sources */,
				34EB414C1945B1430062CC32 /* AsynchronousExpectation.swift in Sources */,
				34EB41501945B1430062CC32 /* DSL.swift in Sources */,
				34EB41581945B1430062CC32 /* Contain.swift in Sources */,
				34EB41541945B1430062CC32 /* Matcher.swift in Sources */,
				34EB41461945B1430062CC32 /* QuickSpec.m in Sources */,
				34EB413A1945B1430062CC32 /* Example.swift in Sources */,
				34EB41561945B1430062CC32 /* BeTrue.swift in Sources */,
				34EB41381945B1430062CC32 /* DSL.swift in Sources */,
				34EB41401945B1430062CC32 /* NSString+QCKSelectorName.m in Sources */,
				34EB41521945B1430062CC32 /* Expectation.swift in Sources */,
				34EB415A1945B1430062CC32 /* Equal.swift in Sources */,
				34EB411B1945B0C60062CC32 /* Quick.m in Sources */,
				34EB414E1945B1430062CC32 /* Callsite.swift in Sources */,
				34EB41481945B1430062CC32 /* World.swift in Sources */,
			);
			runOnlyForDeploymentPostprocessing = 0;
		};
		E9901C3718205AB100844A05 /* Sources */ = {
			isa = PBXSourcesBuildPhase;
			buildActionMask = 2147483647;
			files = (
				34EB416A1945B9660062CC32 /* Person.swift in Sources */,
				34EB416C1945B9660062CC32 /* Poet.swift in Sources */,
				34EB416E1945B9660062CC32 /* FunctionalTests.swift in Sources */,
				34EB41721945B9660062CC32 /* ContainSpec.swift in Sources */,
				34EB41681945B9660062CC32 /* ExampleGroupTests.swift in Sources */,
			);
			runOnlyForDeploymentPostprocessing = 0;
		};
/* End PBXSourcesBuildPhase section */

/* Begin PBXTargetDependency section */
		E9901C1418205A3500844A05 /* PBXTargetDependency */ = {
			isa = PBXTargetDependency;
			target = E9901BFC18205A3500844A05 /* Quick-iOS */;
			targetProxy = E9901C1318205A3500844A05 /* PBXContainerItemProxy */;
		};
		E9901C3F18205AB100844A05 /* PBXTargetDependency */ = {
			isa = PBXTargetDependency;
			target = E9901C2918205AB100844A05 /* Quick-OSX */;
			targetProxy = E9901C3E18205AB100844A05 /* PBXContainerItemProxy */;
		};
/* End PBXTargetDependency section */

/* Begin XCBuildConfiguration section */
		BE5C179918EDF850003A13EC /* Test */ = {
			isa = XCBuildConfiguration;
			buildSettings = {
				ALWAYS_SEARCH_USER_PATHS = NO;
				CLANG_CXX_LANGUAGE_STANDARD = "gnu++0x";
				CLANG_CXX_LIBRARY = "libc++";
				CLANG_ENABLE_MODULES = YES;
				CLANG_ENABLE_OBJC_ARC = YES;
				CLANG_WARN_BOOL_CONVERSION = YES;
				CLANG_WARN_CONSTANT_CONVERSION = YES;
				CLANG_WARN_DIRECT_OBJC_ISA_USAGE = YES_ERROR;
				CLANG_WARN_EMPTY_BODY = YES;
				CLANG_WARN_ENUM_CONVERSION = YES;
				CLANG_WARN_INT_CONVERSION = YES;
				CLANG_WARN_OBJC_ROOT_CLASS = YES_ERROR;
				CLANG_WARN__DUPLICATE_METHOD_MATCH = YES;
				COPY_PHASE_STRIP = NO;
				GCC_C_LANGUAGE_STANDARD = gnu99;
				GCC_DYNAMIC_NO_PIC = NO;
				GCC_OPTIMIZATION_LEVEL = 0;
				GCC_PREPROCESSOR_DEFINITIONS = (
					"DEBUG=1",
					"$(inherited)",
				);
				GCC_SYMBOLS_PRIVATE_EXTERN = NO;
				GCC_WARN_64_TO_32_BIT_CONVERSION = YES;
				GCC_WARN_ABOUT_RETURN_TYPE = YES_ERROR;
				GCC_WARN_UNDECLARED_SELECTOR = YES;
				GCC_WARN_UNINITIALIZED_AUTOS = YES;
				GCC_WARN_UNUSED_FUNCTION = YES;
				GCC_WARN_UNUSED_VARIABLE = YES;
				IPHONEOS_DEPLOYMENT_TARGET = 7.0;
				ONLY_ACTIVE_ARCH = YES;
				SDKROOT = iphoneos;
			};
			name = Test;
		};
		BE5C179A18EDF850003A13EC /* Test */ = {
			isa = XCBuildConfiguration;
			buildSettings = {
				DSTROOT = /tmp/Quick.dst;
				FRAMEWORK_SEARCH_PATHS = (
					"$(inherited)",
					"$(DEVELOPER_FRAMEWORKS_DIR)",
				);
				GCC_PRECOMPILE_PREFIX_HEADER = YES;
				GCC_PREFIX_HEADER = "Quick/Quick-Prefix.pch";
				IPHONEOS_DEPLOYMENT_TARGET = 6.0;
				OTHER_LDFLAGS = "-ObjC";
				PRIVATE_HEADERS_FOLDER_PATH = "";
				PRODUCT_NAME = "$(TARGET_NAME)";
				PUBLIC_HEADERS_FOLDER_PATH = "";
				SKIP_INSTALL = YES;
				SWIFT_OBJC_BRIDGING_HEADER = "Quick/Core/Quick-Bridging-Header.h";
				VALID_ARCHS = "arm64 armv7 armv7s i386 x86_64";
			};
			name = Test;
		};
		BE5C179B18EDF850003A13EC /* Test */ = {
			isa = XCBuildConfiguration;
			buildSettings = {
				COMBINE_HIDPI_IMAGES = YES;
				FRAMEWORK_SEARCH_PATHS = (
					"$(inherited)",
					"$(DEVELOPER_FRAMEWORKS_DIR)",
				);
				GCC_ENABLE_OBJC_EXCEPTIONS = YES;
				GCC_PRECOMPILE_PREFIX_HEADER = YES;
				GCC_PREFIX_HEADER = "Quick/Quick-Prefix.pch";
				GCC_PREPROCESSOR_DEFINITIONS = (
					"DEBUG=1",
					"$(inherited)",
				);
				MACOSX_DEPLOYMENT_TARGET = 10.7;
				OTHER_LDFLAGS = "-ObjC";
				PRIVATE_HEADERS_FOLDER_PATH = "";
				PRODUCT_NAME = "$(TARGET_NAME)";
				PUBLIC_HEADERS_FOLDER_PATH = "";
				SDKROOT = macosx;
			};
			name = Test;
		};
		BE5C179C18EDF850003A13EC /* Test */ = {
			isa = XCBuildConfiguration;
			buildSettings = {
				FRAMEWORK_SEARCH_PATHS = (
					"$(SDKROOT)/Developer/Library/Frameworks",
					"$(inherited)",
					"$(DEVELOPER_FRAMEWORKS_DIR)",
				);
				GCC_PRECOMPILE_PREFIX_HEADER = YES;
				GCC_PREFIX_HEADER = "Quick/Quick-Prefix.pch";
				GCC_PREPROCESSOR_DEFINITIONS = (
					"DEBUG=1",
					"$(inherited)",
				);
				INFOPLIST_FILE = QuickTests/Info.plist;
				IPHONEOS_DEPLOYMENT_TARGET = 6.0;
				OTHER_LDFLAGS = (
					"$(inherited)",
					"-ObjC",
				);
				PRODUCT_NAME = "$(TARGET_NAME)";
				WRAPPER_EXTENSION = xctest;
			};
			name = Test;
		};
		BE5C179D18EDF850003A13EC /* Test */ = {
			isa = XCBuildConfiguration;
			buildSettings = {
				COMBINE_HIDPI_IMAGES = YES;
				FRAMEWORK_SEARCH_PATHS = (
					"$(DEVELOPER_FRAMEWORKS_DIR)",
					"$(inherited)",
				);
				GCC_ENABLE_OBJC_EXCEPTIONS = YES;
				GCC_PRECOMPILE_PREFIX_HEADER = YES;
				GCC_PREFIX_HEADER = "Quick/Quick-Prefix.pch";
				GCC_PREPROCESSOR_DEFINITIONS = (
					"DEBUG=1",
					"$(inherited)",
				);
				INFOPLIST_FILE = QuickTests/Info.plist;
				MACOSX_DEPLOYMENT_TARGET = 10.7;
				OTHER_LDFLAGS = (
					"$(inherited)",
					"-ObjC",
				);
				PRODUCT_NAME = "$(TARGET_NAME)";
				SDKROOT = macosx;
				WRAPPER_EXTENSION = xctest;
			};
			name = Test;
		};
		E9901C1E18205A3500844A05 /* Debug */ = {
			isa = XCBuildConfiguration;
			buildSettings = {
				ALWAYS_SEARCH_USER_PATHS = NO;
				CLANG_CXX_LANGUAGE_STANDARD = "gnu++0x";
				CLANG_CXX_LIBRARY = "libc++";
				CLANG_ENABLE_MODULES = YES;
				CLANG_ENABLE_OBJC_ARC = YES;
				CLANG_WARN_BOOL_CONVERSION = YES;
				CLANG_WARN_CONSTANT_CONVERSION = YES;
				CLANG_WARN_DIRECT_OBJC_ISA_USAGE = YES_ERROR;
				CLANG_WARN_EMPTY_BODY = YES;
				CLANG_WARN_ENUM_CONVERSION = YES;
				CLANG_WARN_INT_CONVERSION = YES;
				CLANG_WARN_OBJC_ROOT_CLASS = YES_ERROR;
				CLANG_WARN__DUPLICATE_METHOD_MATCH = YES;
				CONFIGURATION_TEMP_DIR = "$(PROJECT_TEMP_DIR)/$(CONFIGURATION)$(EFFECTIVE_PLATFORM_NAME)";
				COPY_PHASE_STRIP = NO;
				GCC_C_LANGUAGE_STANDARD = gnu99;
				GCC_DYNAMIC_NO_PIC = NO;
				GCC_OPTIMIZATION_LEVEL = 0;
				GCC_PREPROCESSOR_DEFINITIONS = (
					"DEBUG=1",
					"$(inherited)",
				);
				GCC_SYMBOLS_PRIVATE_EXTERN = NO;
				GCC_WARN_64_TO_32_BIT_CONVERSION = YES;
				GCC_WARN_ABOUT_RETURN_TYPE = YES_ERROR;
				GCC_WARN_UNDECLARED_SELECTOR = YES;
				GCC_WARN_UNINITIALIZED_AUTOS = YES;
				GCC_WARN_UNUSED_FUNCTION = YES;
				GCC_WARN_UNUSED_VARIABLE = YES;
				IPHONEOS_DEPLOYMENT_TARGET = 7.0;
				ONLY_ACTIVE_ARCH = YES;
				SDKROOT = iphoneos;
			};
			name = Debug;
		};
		E9901C1F18205A3500844A05 /* Release */ = {
			isa = XCBuildConfiguration;
			buildSettings = {
				ALWAYS_SEARCH_USER_PATHS = NO;
				CLANG_CXX_LANGUAGE_STANDARD = "gnu++0x";
				CLANG_CXX_LIBRARY = "libc++";
				CLANG_ENABLE_MODULES = YES;
				CLANG_ENABLE_OBJC_ARC = YES;
				CLANG_WARN_BOOL_CONVERSION = YES;
				CLANG_WARN_CONSTANT_CONVERSION = YES;
				CLANG_WARN_DIRECT_OBJC_ISA_USAGE = YES_ERROR;
				CLANG_WARN_EMPTY_BODY = YES;
				CLANG_WARN_ENUM_CONVERSION = YES;
				CLANG_WARN_INT_CONVERSION = YES;
				CLANG_WARN_OBJC_ROOT_CLASS = YES_ERROR;
				CLANG_WARN__DUPLICATE_METHOD_MATCH = YES;
				COPY_PHASE_STRIP = YES;
				ENABLE_NS_ASSERTIONS = NO;
				GCC_C_LANGUAGE_STANDARD = gnu99;
				GCC_WARN_64_TO_32_BIT_CONVERSION = YES;
				GCC_WARN_ABOUT_RETURN_TYPE = YES_ERROR;
				GCC_WARN_UNDECLARED_SELECTOR = YES;
				GCC_WARN_UNINITIALIZED_AUTOS = YES;
				GCC_WARN_UNUSED_FUNCTION = YES;
				GCC_WARN_UNUSED_VARIABLE = YES;
				IPHONEOS_DEPLOYMENT_TARGET = 7.0;
				SDKROOT = iphoneos;
				VALIDATE_PRODUCT = YES;
			};
			name = Release;
		};
		E9901C2118205A3500844A05 /* Debug */ = {
			isa = XCBuildConfiguration;
			buildSettings = {
				DSTROOT = /tmp/Quick.dst;
				FRAMEWORK_SEARCH_PATHS = (
					"$(inherited)",
					"$(DEVELOPER_FRAMEWORKS_DIR)",
				);
				GCC_PRECOMPILE_PREFIX_HEADER = YES;
				GCC_PREFIX_HEADER = "Quick/Quick-Prefix.pch";
				IPHONEOS_DEPLOYMENT_TARGET = 6.0;
				OTHER_LDFLAGS = "-ObjC";
				PRIVATE_HEADERS_FOLDER_PATH = "";
				PRODUCT_NAME = "$(TARGET_NAME)";
				PUBLIC_HEADERS_FOLDER_PATH = "";
				SKIP_INSTALL = YES;
				SWIFT_OBJC_BRIDGING_HEADER = "Quick/Core/Quick-Bridging-Header.h";
				VALID_ARCHS = "arm64 armv7 armv7s i386 x86_64";
			};
			name = Debug;
		};
		E9901C2218205A3500844A05 /* Release */ = {
			isa = XCBuildConfiguration;
			buildSettings = {
				DSTROOT = /tmp/Quick.dst;
				FRAMEWORK_SEARCH_PATHS = (
					"$(inherited)",
					"$(DEVELOPER_FRAMEWORKS_DIR)",
				);
				GCC_PRECOMPILE_PREFIX_HEADER = YES;
				GCC_PREFIX_HEADER = "Quick/Quick-Prefix.pch";
				IPHONEOS_DEPLOYMENT_TARGET = 6.0;
				OTHER_LDFLAGS = "-ObjC";
				PRIVATE_HEADERS_FOLDER_PATH = "";
				PRODUCT_NAME = "$(TARGET_NAME)";
				PUBLIC_HEADERS_FOLDER_PATH = "";
				SKIP_INSTALL = YES;
				SWIFT_OBJC_BRIDGING_HEADER = "Quick/Core/Quick-Bridging-Header.h";
				VALID_ARCHS = "arm64 armv7 armv7s i386 x86_64";
			};
			name = Release;
		};
		E9901C2418205A3500844A05 /* Debug */ = {
			isa = XCBuildConfiguration;
			buildSettings = {
				FRAMEWORK_SEARCH_PATHS = (
					"$(SDKROOT)/Developer/Library/Frameworks",
					"$(inherited)",
					"$(DEVELOPER_FRAMEWORKS_DIR)",
				);
				GCC_PRECOMPILE_PREFIX_HEADER = YES;
				GCC_PREFIX_HEADER = "Quick/Quick-Prefix.pch";
				GCC_PREPROCESSOR_DEFINITIONS = (
					"DEBUG=1",
					"$(inherited)",
				);
				INFOPLIST_FILE = QuickTests/Info.plist;
				IPHONEOS_DEPLOYMENT_TARGET = 6.0;
				OTHER_LDFLAGS = (
					"$(inherited)",
					"-ObjC",
				);
				PRODUCT_NAME = "$(TARGET_NAME)";
				WRAPPER_EXTENSION = xctest;
			};
			name = Debug;
		};
		E9901C2518205A3500844A05 /* Release */ = {
			isa = XCBuildConfiguration;
			buildSettings = {
				FRAMEWORK_SEARCH_PATHS = (
					"$(SDKROOT)/Developer/Library/Frameworks",
					"$(inherited)",
					"$(DEVELOPER_FRAMEWORKS_DIR)",
				);
				GCC_PRECOMPILE_PREFIX_HEADER = YES;
				GCC_PREFIX_HEADER = "Quick/Quick-Prefix.pch";
				INFOPLIST_FILE = QuickTests/Info.plist;
				IPHONEOS_DEPLOYMENT_TARGET = 6.0;
				OTHER_LDFLAGS = (
					"$(inherited)",
					"-ObjC",
				);
				PRODUCT_NAME = "$(TARGET_NAME)";
				WRAPPER_EXTENSION = xctest;
			};
			name = Release;
		};
		E9901C4A18205AB100844A05 /* Debug */ = {
			isa = XCBuildConfiguration;
			buildSettings = {
				COMBINE_HIDPI_IMAGES = YES;
				FRAMEWORK_SEARCH_PATHS = (
					"$(inherited)",
					"$(DEVELOPER_FRAMEWORKS_DIR)",
				);
				GCC_ENABLE_OBJC_EXCEPTIONS = YES;
				GCC_PRECOMPILE_PREFIX_HEADER = YES;
				GCC_PREFIX_HEADER = "Quick/Quick-Prefix.pch";
				GCC_PREPROCESSOR_DEFINITIONS = (
					"DEBUG=1",
					"$(inherited)",
				);
				MACOSX_DEPLOYMENT_TARGET = 10.7;
				OTHER_LDFLAGS = "-ObjC";
				PRIVATE_HEADERS_FOLDER_PATH = "";
				PRODUCT_NAME = "$(TARGET_NAME)";
				PUBLIC_HEADERS_FOLDER_PATH = "";
				SDKROOT = macosx;
			};
			name = Debug;
		};
		E9901C4B18205AB100844A05 /* Release */ = {
			isa = XCBuildConfiguration;
			buildSettings = {
				COMBINE_HIDPI_IMAGES = YES;
				DEBUG_INFORMATION_FORMAT = "dwarf-with-dsym";
				FRAMEWORK_SEARCH_PATHS = (
					"$(inherited)",
					"$(DEVELOPER_FRAMEWORKS_DIR)",
				);
				GCC_ENABLE_OBJC_EXCEPTIONS = YES;
				GCC_PRECOMPILE_PREFIX_HEADER = YES;
				GCC_PREFIX_HEADER = "Quick/Quick-Prefix.pch";
				MACOSX_DEPLOYMENT_TARGET = 10.7;
				OTHER_LDFLAGS = "-ObjC";
				PRIVATE_HEADERS_FOLDER_PATH = "";
				PRODUCT_NAME = "$(TARGET_NAME)";
				PUBLIC_HEADERS_FOLDER_PATH = "";
				SDKROOT = macosx;
			};
			name = Release;
		};
		E9901C4D18205AB100844A05 /* Debug */ = {
			isa = XCBuildConfiguration;
			buildSettings = {
				COMBINE_HIDPI_IMAGES = YES;
				FRAMEWORK_SEARCH_PATHS = (
					"$(DEVELOPER_FRAMEWORKS_DIR)",
					"$(inherited)",
				);
				GCC_ENABLE_OBJC_EXCEPTIONS = YES;
				GCC_PRECOMPILE_PREFIX_HEADER = YES;
				GCC_PREFIX_HEADER = "Quick/Quick-Prefix.pch";
				GCC_PREPROCESSOR_DEFINITIONS = (
					"DEBUG=1",
					"$(inherited)",
				);
				INFOPLIST_FILE = QuickTests/Info.plist;
				MACOSX_DEPLOYMENT_TARGET = 10.7;
				OTHER_LDFLAGS = (
					"$(inherited)",
					"-ObjC",
				);
				PRODUCT_NAME = "$(TARGET_NAME)";
				SDKROOT = macosx;
				WRAPPER_EXTENSION = xctest;
			};
			name = Debug;
		};
		E9901C4E18205AB100844A05 /* Release */ = {
			isa = XCBuildConfiguration;
			buildSettings = {
				COMBINE_HIDPI_IMAGES = YES;
				DEBUG_INFORMATION_FORMAT = "dwarf-with-dsym";
				FRAMEWORK_SEARCH_PATHS = (
					"$(DEVELOPER_FRAMEWORKS_DIR)",
					"$(inherited)",
				);
				GCC_ENABLE_OBJC_EXCEPTIONS = YES;
				GCC_PRECOMPILE_PREFIX_HEADER = YES;
				GCC_PREFIX_HEADER = "Quick/Quick-Prefix.pch";
				INFOPLIST_FILE = QuickTests/Info.plist;
				MACOSX_DEPLOYMENT_TARGET = 10.7;
				OTHER_LDFLAGS = (
					"$(inherited)",
					"-ObjC",
				);
				PRODUCT_NAME = "$(TARGET_NAME)";
				SDKROOT = macosx;
				WRAPPER_EXTENSION = xctest;
			};
			name = Release;
		};
/* End XCBuildConfiguration section */

/* Begin XCConfigurationList section */
		E9901BF818205A3500844A05 /* Build configuration list for PBXProject "Quick" */ = {
			isa = XCConfigurationList;
			buildConfigurations = (
				E9901C1E18205A3500844A05 /* Debug */,
				BE5C179918EDF850003A13EC /* Test */,
				E9901C1F18205A3500844A05 /* Release */,
			);
			defaultConfigurationIsVisible = 0;
			defaultConfigurationName = Release;
		};
		E9901C2018205A3500844A05 /* Build configuration list for PBXNativeTarget "Quick-iOS" */ = {
			isa = XCConfigurationList;
			buildConfigurations = (
				E9901C2118205A3500844A05 /* Debug */,
				BE5C179A18EDF850003A13EC /* Test */,
				E9901C2218205A3500844A05 /* Release */,
			);
			defaultConfigurationIsVisible = 0;
			defaultConfigurationName = Release;
		};
		E9901C2318205A3500844A05 /* Build configuration list for PBXNativeTarget "QuickTests-iOS" */ = {
			isa = XCConfigurationList;
			buildConfigurations = (
				E9901C2418205A3500844A05 /* Debug */,
				BE5C179C18EDF850003A13EC /* Test */,
				E9901C2518205A3500844A05 /* Release */,
			);
			defaultConfigurationIsVisible = 0;
			defaultConfigurationName = Release;
		};
		E9901C4918205AB100844A05 /* Build configuration list for PBXNativeTarget "Quick-OSX" */ = {
			isa = XCConfigurationList;
			buildConfigurations = (
				E9901C4A18205AB100844A05 /* Debug */,
				BE5C179B18EDF850003A13EC /* Test */,
				E9901C4B18205AB100844A05 /* Release */,
			);
			defaultConfigurationIsVisible = 0;
			defaultConfigurationName = Release;
		};
		E9901C4C18205AB100844A05 /* Build configuration list for PBXNativeTarget "Quick-OSXTests" */ = {
			isa = XCConfigurationList;
			buildConfigurations = (
				E9901C4D18205AB100844A05 /* Debug */,
				BE5C179D18EDF850003A13EC /* Test */,
				E9901C4E18205AB100844A05 /* Release */,
			);
			defaultConfigurationIsVisible = 0;
			defaultConfigurationName = Release;
		};
/* End XCConfigurationList section */
	};
	rootObject = E9901BF518205A3500844A05 /* Project object */;
}
